
Microsoft Visual Studio Solution File, Format Version 12.00
# Visual Studio Version 17
VisualStudioVersion = 17.0.31903.59
MinimumVisualStudioVersion = 10.0.40219.1
Project("{FAE04EC0-301F-11D3-BF4B-00C04F79EFBC}") = "VinylCatalogApi", "VinylCatalogApi\VinylCatalogApi.csproj", "{E6F52F6D-B2B5-4F38-B6E8-42BC58402BAE}"
EndProject
Global
	GlobalSection(SolutionConfigurationPlatforms) = preSolution
		Debug|Any CPU = Debug|Any CPU
		Release|Any CPU = Release|Any CPU
	EndGlobalSection
	GlobalSection(ProjectConfigurationPlatforms) = postSolution
		{E6F52F6D-B2B5-4F38-B6E8-42BC58402BAE}.Debug|Any CPU.ActiveCfg = Debug|Any CPU
		{E6F52F6D-B2B5-4F38-B6E8-42BC58402BAE}.Debug|Any CPU.Build.0 = Debug|Any CPU
		{E6F52F6D-B2B5-4F38-B6E8-42BC58402BAE}.Release|Any CPU.ActiveCfg = Release|Any CPU
		{E6F52F6D-B2B5-4F38-B6E8-42BC58402BAE}.Release|Any CPU.Build.0 = Release|Any CPU
	EndGlobalSection
	GlobalSection(SolutionProperties) = preSolution
		HideSolutionNode = FALSE
	EndGlobalSection
	GlobalSection(ExtensibilityGlobals) = postSolution
		SolutionGuid = {A53ECA29-96DC-4D8A-B6B3-02A717939B93}
	EndGlobalSection
EndGlobal
