
Microsoft Visual Studio Solution File, Format Version 12.00
# Visual Studio Version 17
VisualStudioVersion = 17.0.31903.59
MinimumVisualStudioVersion = 10.0.40219.1
Project("{9A19103F-16F7-4668-BE54-9A1E7A4F7556}") = "DebetCards", "DebetCards\DebetCards.csproj", "{15A62BCF-D1D6-4200-ADDF-92D5BDFC9D00}"
EndProject
Project("{FAE04EC0-301F-11D3-BF4B-00C04F79EFBC}") = "ReportService", "ReportService\ReportService.csproj", "{B80EEF24-B54C-408B-B03F-7ACE16EB5985}"
EndProject
Project("{FAE04EC0-301F-11D3-BF4B-00C04F79EFBC}") = "GACTest", "GACTest\GACTest.csproj", "{AABDEF5D-D79C-48AB-AA22-36B1CA4D4AC4}"
EndProject
Global
	GlobalSection(SolutionConfigurationPlatforms) = preSolution
		Debug|Any CPU = Debug|Any CPU
		Release|Any CPU = Release|Any CPU
	EndGlobalSection
	GlobalSection(ProjectConfigurationPlatforms) = postSolution
		{15A62BCF-D1D6-4200-ADDF-92D5BDFC9D00}.Debug|Any CPU.ActiveCfg = Debug|Any CPU
		{15A62BCF-D1D6-4200-ADDF-92D5BDFC9D00}.Debug|Any CPU.Build.0 = Debug|Any CPU
		{15A62BCF-D1D6-4200-ADDF-92D5BDFC9D00}.Release|Any CPU.ActiveCfg = Release|Any CPU
		{15A62BCF-D1D6-4200-ADDF-92D5BDFC9D00}.Release|Any CPU.Build.0 = Release|Any CPU
		{B80EEF24-B54C-408B-B03F-7ACE16EB5985}.Debug|Any CPU.ActiveCfg = Debug|Any CPU
		{B80EEF24-B54C-408B-B03F-7ACE16EB5985}.Debug|Any CPU.Build.0 = Debug|Any CPU
		{B80EEF24-B54C-408B-B03F-7ACE16EB5985}.Release|Any CPU.ActiveCfg = Release|Any CPU
		{B80EEF24-B54C-408B-B03F-7ACE16EB5985}.Release|Any CPU.Build.0 = Release|Any CPU
		{AABDEF5D-D79C-48AB-AA22-36B1CA4D4AC4}.Debug|Any CPU.ActiveCfg = Debug|Any CPU
		{AABDEF5D-D79C-48AB-AA22-36B1CA4D4AC4}.Debug|Any CPU.Build.0 = Debug|Any CPU
		{AABDEF5D-D79C-48AB-AA22-36B1CA4D4AC4}.Release|Any CPU.ActiveCfg = Release|Any CPU
		{AABDEF5D-D79C-48AB-AA22-36B1CA4D4AC4}.Release|Any CPU.Build.0 = Release|Any CPU
	EndGlobalSection
	GlobalSection(SolutionProperties) = preSolution
		HideSolutionNode = FALSE
	EndGlobalSection
	GlobalSection(ExtensibilityGlobals) = postSolution
		SolutionGuid = {64CD380D-0B5D-417B-8AB0-4A624D82289E}
	EndGlobalSection
EndGlobal
